
Microsoft Visual Studio Solution File, Format Version 12.00
# Visual Studio Version 17
VisualStudioVersion = 17.9.34414.90
MinimumVisualStudioVersion = 10.0.40219.1
Project("{FAE04EC0-301F-11D3-BF4B-00C04F79EFBC}") = "checker", "checker\checker.csproj", "{0CB96867-D629-4B98-BBD7-1A8829FE45AF}"
EndProject
Global
	GlobalSection(SolutionConfigurationPlatforms) = preSolution
		Debug|Any CPU = Debug|Any CPU
		Release|Any CPU = Release|Any CPU
	EndGlobalSection
	GlobalSection(ProjectConfigurationPlatforms) = postSolution
		{0CB96867-D629-4B98-BBD7-1A8829FE45AF}.Debug|Any CPU.ActiveCfg = Debug|Any CPU
		{0CB96867-D629-4B98-BBD7-1A8829FE45AF}.Debug|Any CPU.Build.0 = Debug|Any CPU
		{0CB96867-D629-4B98-BBD7-1A8829FE45AF}.Release|Any CPU.ActiveCfg = Release|Any CPU
		{0CB96867-D629-4B98-BBD7-1A8829FE45AF}.Release|Any CPU.Build.0 = Release|Any CPU
	EndGlobalSection
	GlobalSection(SolutionProperties) = preSolution
		HideSolutionNode = FALSE
	EndGlobalSection
	GlobalSection(ExtensibilityGlobals) = postSolution
		SolutionGuid = {65093792-EDC2-4637-81BB-450451B67E15}
	EndGlobalSection
EndGlobal
